
Microsoft Visual Studio Solution File, Format Version 12.00
# Visual Studio Version 16
VisualStudioVersion = 16.0.29215.179
MinimumVisualStudioVersion = 10.0.40219.1
Project("{FAE04EC0-301F-11D3-BF4B-00C04F79EFBC}") = "Fiddler.Importer.WARC", "Fiddler.Importer.WARC.csproj", "{B2E353C2-EBAB-443D-947B-4302647393CA}"
EndProject
Global
	GlobalSection(SolutionConfigurationPlatforms) = preSolution
		Debug|Any CPU = Debug|Any CPU
		Release|Any CPU = Release|Any CPU
	EndGlobalSection
	GlobalSection(ProjectConfigurationPlatforms) = postSolution
		{B2E353C2-EBAB-443D-947B-4302647393CA}.Debug|Any CPU.ActiveCfg = Debug|Any CPU
		{B2E353C2-EBAB-443D-947B-4302647393CA}.Debug|Any CPU.Build.0 = Debug|Any CPU
		{B2E353C2-EBAB-443D-947B-4302647393CA}.Release|Any CPU.ActiveCfg = Release|Any CPU
		{B2E353C2-EBAB-443D-947B-4302647393CA}.Release|Any CPU.Build.0 = Release|Any CPU
	EndGlobalSection
	GlobalSection(SolutionProperties) = preSolution
		HideSolutionNode = FALSE
	EndGlobalSection
	GlobalSection(ExtensibilityGlobals) = postSolution
		SolutionGuid = {FCC66648-800F-4A4A-94C7-B723D420DF47}
	EndGlobalSection
EndGlobal
